
Microsoft Visual Studio Solution File, Format Version 12.00
# Visual Studio Version 16
VisualStudioVersion = 16.0.31105.61
MinimumVisualStudioVersion = 10.0.40219.1
Project("{FAE04EC0-301F-11D3-BF4B-00C04F79EFBC}") = "WinFormsLab7", "WinFormsLab7\WinFormsLab7.csproj", "{1665396E-D407-4360-8FD9-0DEC833A9678}"
EndProject
Global
	GlobalSection(SolutionConfigurationPlatforms) = preSolution
		Debug|Any CPU = Debug|Any CPU
		Release|Any CPU = Release|Any CPU
	EndGlobalSection
	GlobalSection(ProjectConfigurationPlatforms) = postSolution
		{1665396E-D407-4360-8FD9-0DEC833A9678}.Debug|Any CPU.ActiveCfg = Debug|Any CPU
		{1665396E-D407-4360-8FD9-0DEC833A9678}.Debug|Any CPU.Build.0 = Debug|Any CPU
		{1665396E-D407-4360-8FD9-0DEC833A9678}.Release|Any CPU.ActiveCfg = Release|Any CPU
		{1665396E-D407-4360-8FD9-0DEC833A9678}.Release|Any CPU.Build.0 = Release|Any CPU
	EndGlobalSection
	GlobalSection(SolutionProperties) = preSolution
		HideSolutionNode = FALSE
	EndGlobalSection
	GlobalSection(ExtensibilityGlobals) = postSolution
		SolutionGuid = {238936D5-75D3-41DF-A2CB-5C8993B1F4C6}
	EndGlobalSection
EndGlobal
